
Microsoft Visual Studio Solution File, Format Version 12.00
# Visual Studio Version 17
VisualStudioVersion = 17.14.36414.22 d17.14
MinimumVisualStudioVersion = 10.0.40219.1
Project("{FAE04EC0-301F-11D3-BF4B-00C04F79EFBC}") = "TDDBookShop", "TDDBookShop\TDDBookShop.csproj", "{6B23284C-9B86-4EEC-BCC6-698B3ED486F1}"
EndProject
Global
	GlobalSection(SolutionConfigurationPlatforms) = preSolution
		Debug|Any CPU = Debug|Any CPU
		Release|Any CPU = Release|Any CPU
	EndGlobalSection
	GlobalSection(ProjectConfigurationPlatforms) = postSolution
		{6B23284C-9B86-4EEC-BCC6-698B3ED486F1}.Debug|Any CPU.ActiveCfg = Debug|Any CPU
		{6B23284C-9B86-4EEC-BCC6-698B3ED486F1}.Debug|Any CPU.Build.0 = Debug|Any CPU
		{6B23284C-9B86-4EEC-BCC6-698B3ED486F1}.Release|Any CPU.ActiveCfg = Release|Any CPU
		{6B23284C-9B86-4EEC-BCC6-698B3ED486F1}.Release|Any CPU.Build.0 = Release|Any CPU
	EndGlobalSection
	GlobalSection(SolutionProperties) = preSolution
		HideSolutionNode = FALSE
	EndGlobalSection
	GlobalSection(ExtensibilityGlobals) = postSolution
		SolutionGuid = {04023EF8-F951-4946-B112-F49C031A0408}
	EndGlobalSection
EndGlobal
